<?xml version="1.0" encoding="utf-8"?>
<Project ToolsVersion="4.0" xmlns="http://schemas.microsoft.com/developer/msbuild/2003">
  <ItemGroup>
    <Filter Include="src">
      <UniqueIdentifier>{4FC737F1-C7A5-4376-A066-2A32D752A2FF}</UniqueIdentifier>
      <Extensions>cpp;c;cc;cxx;c++;cppm;ixx;def;odl;idl;hpj;bat;asm;asmx</Extensions>
    </Filter>
    <Filter Include="include">
      <UniqueIdentifier>{93995380-89BD-4b04-88EB-625FBE52EBFB}</UniqueIdentifier>
      <Extensions>h;hh;hpp;hxx;h++;hm;inl;inc;ipp;xsd</Extensions>
    </Filter>
    <Filter Include="third_party">
      <UniqueIdentifier>{67DA6AB6-F800-4c08-8B7A-83BB121AAD01}</UniqueIdentifier>
      <Extensions>rc;ico;cur;bmp;dlg;rc2;rct;bin;rgs;gif;jpg;jpeg;jpe;resx;tiff;tif;png;wav;mfcribbon-ms</Extensions>
    </Filter>
    <Filter Include="resources">
      <UniqueIdentifier>{b73861a5-c117-417a-a14a-038c02f66507}</UniqueIdentifier>
    </Filter>
  </ItemGroup>
  <ItemGroup>
    <ClCompile Include="src\main.cpp">
      <Filter>src</Filter>
    </ClCompile>
    <ClCompile Include="third_party\glad\src\glad.c">
      <Filter>third_party</Filter>
    </ClCompile>
    <ClCompile Include="src\pipeline.cpp">
      <Filter>src</Filter>
    </ClCompile>
    <ClCompile Include="src\texture.cpp">
      <Filter>src</Filter>
    </ClCompile>
  </ItemGroup>
  <ItemGroup>
    <ClInclude Include="include\data.h">
      <Filter>include</Filter>
    </ClInclude>
    <ClInclude Include="include\pipeline.h">
      <Filter>include</Filter>
    </ClInclude>
    <ClInclude Include="include\texture.h">
      <Filter>include</Filter>
    </ClInclude>
    <ClInclude Include="include\obj_loader.h">
      <Filter>include</Filter>
    </ClInclude>
  </ItemGroup>
  <ItemGroup>
    <None Include="resources\fragment.glsl">
      <Filter>resources</Filter>
    </None>
    <None Include="resources\vertex.glsl">
      <Filter>resources</Filter>
    </None>
  </ItemGroup>
  <ItemGroup>
    <Image Include="resources\uvtemplate.bmp">
      <Filter>resources</Filter>
    </Image>
  </ItemGroup>
  <ItemGroup>
    <Object Include="resources\cube.obj">
      <Filter>resources</Filter>
    </Object>
    <Object Include="resources\basic-bottle\source\Small Bottle\Small Bottle\Potion.obj">
      <Filter>resources</Filter>
    </Object>
    <Object Include="resources\rocking-horse-with-wheels\source\Rocking_horse_with_wheels_SF\Rocking_horse_with_wheels_SF.obj">
      <Filter>resources</Filter>
    </Object>
    <Object Include="resources\suzanne.obj">
      <Filter>resources</Filter>
    </Object>
  </ItemGroup>
</Project>