<?xml version="1.0" encoding="utf-8"?>
<Project ToolsVersion="4.0" xmlns="http://schemas.microsoft.com/developer/msbuild/2003">
  <ItemGroup>
    <Filter Include="src">
      <UniqueIdentifier>{4FC737F1-C7A5-4376-A066-2A32D752A2FF}</UniqueIdentifier>
      <Extensions>cpp;c;cc;cxx;c++;cppm;ixx;def;odl;idl;hpj;bat;asm;asmx</Extensions>
    </Filter>
    <Filter Include="include">
      <UniqueIdentifier>{93995380-89BD-4b04-88EB-625FBE52EBFB}</UniqueIdentifier>
      <Extensions>h;hh;hpp;hxx;h++;hm;inl;inc;ipp;xsd</Extensions>
    </Filter>
    <Filter Include="third_party">
      <UniqueIdentifier>{67DA6AB6-F800-4c08-8B7A-83BB121AAD01}</UniqueIdentifier>
      <Extensions>rc;ico;cur;bmp;dlg;rc2;rct;bin;rgs;gif;jpg;jpeg;jpe;resx;tiff;tif;png;wav;mfcribbon-ms</Extensions>
    </Filter>
    <Filter Include="resources">
      <UniqueIdentifier>{b73861a5-c117-417a-a14a-038c02f66507}</UniqueIdentifier>
    </Filter>
    <Filter Include="resources\shader">
      <UniqueIdentifier>{b41bffd8-eb4d-4a69-b509-8f66b1d9d39e}</UniqueIdentifier>
    </Filter>
    <Filter Include="resources\model">
      <UniqueIdentifier>{f3007730-e237-4b5f-8620-253a212dfcc9}</UniqueIdentifier>
    </Filter>
  </ItemGroup>
  <ItemGroup>
    <ClCompile Include="src\main.cpp">
      <Filter>src</Filter>
    </ClCompile>
    <ClCompile Include="third_party\glad\src\glad.c">
      <Filter>third_party</Filter>
    </ClCompile>
    <ClCompile Include="src\pipeline.cpp">
      <Filter>src</Filter>
    </ClCompile>
    <ClCompile Include="src\TextureOld.cpp">
      <Filter>src</Filter>
    </ClCompile>
    <ClCompile Include="src\application.cpp">
      <Filter>src</Filter>
    </ClCompile>
    <ClCompile Include="src\material.cpp">
      <Filter>src</Filter>
    </ClCompile>
    <ClCompile Include="src\model.cpp">
      <Filter>src</Filter>
    </ClCompile>
    <ClCompile Include="src\object.cpp">
      <Filter>src</Filter>
    </ClCompile>
    <ClCompile Include="src\engine.cpp">
      <Filter>src</Filter>
    </ClCompile>
    <ClCompile Include="src\scene.cpp">
      <Filter>src</Filter>
    </ClCompile>
    <ClCompile Include="src\mesh.cpp">
      <Filter>src</Filter>
    </ClCompile>
    <ClCompile Include="src\stb_image.cpp">
      <Filter>src</Filter>
    </ClCompile>
    <ClCompile Include="src\camera.cpp">
      <Filter>src</Filter>
    </ClCompile>
    <ClCompile Include="src\planet.cpp">
      <Filter>src</Filter>
    </ClCompile>
    <ClCompile Include="src\celestBody.cpp">
      <Filter>src</Filter>
    </ClCompile>
    <ClCompile Include="src\Utils.cpp">
      <Filter>src</Filter>
    </ClCompile>
    <ClCompile Include="src\skybox.cpp">
      <Filter>src</Filter>
    </ClCompile>
    <ClCompile Include="src\interpolation.cpp">
      <Filter>src</Filter>
    </ClCompile>
  </ItemGroup>
  <ItemGroup>
    <ClInclude Include="include\data.h">
      <Filter>include</Filter>
    </ClInclude>
    <ClInclude Include="include\pipeline.h">
      <Filter>include</Filter>
    </ClInclude>
    <ClInclude Include="include\TextureOld.h">
      <Filter>include</Filter>
    </ClInclude>
    <ClInclude Include="include\obj_loader.h">
      <Filter>include</Filter>
    </ClInclude>
    <ClInclude Include="include\application.h">
      <Filter>include</Filter>
    </ClInclude>
    <ClInclude Include="include\material.h">
      <Filter>include</Filter>
    </ClInclude>
    <ClInclude Include="include\model.h">
      <Filter>include</Filter>
    </ClInclude>
    <ClInclude Include="include\object.h">
      <Filter>include</Filter>
    </ClInclude>
    <ClInclude Include="include\engine.h">
      <Filter>include</Filter>
    </ClInclude>
    <ClInclude Include="include\scene.h">
      <Filter>include</Filter>
    </ClInclude>
    <ClInclude Include="include\mesh.h">
      <Filter>include</Filter>
    </ClInclude>
    <ClInclude Include="third_party\stb_image\stb_image.h">
      <Filter>third_party</Filter>
    </ClInclude>
    <ClInclude Include="include\stb_image.h">
      <Filter>include</Filter>
    </ClInclude>
    <ClInclude Include="include\camera.h">
      <Filter>include</Filter>
    </ClInclude>
    <ClInclude Include="include\planet.h">
      <Filter>include</Filter>
    </ClInclude>
    <ClInclude Include="include\celestBody.h">
      <Filter>include</Filter>
    </ClInclude>
    <ClInclude Include="include\Utils.h">
      <Filter>include</Filter>
    </ClInclude>
    <ClInclude Include="include\skybox.h">
      <Filter>include</Filter>
    </ClInclude>
    <ClInclude Include="include\interpolation.h">
      <Filter>include</Filter>
    </ClInclude>
  </ItemGroup>
  <ItemGroup>
    <Image Include="resources\uvtemplate.bmp">
      <Filter>resources</Filter>
    </Image>
  </ItemGroup>
  <ItemGroup>
    <Object Include="resources\model\rocking-horse-with-wheels\source\Rocking_horse_with_wheels_SF\Rocking_horse_with_wheels_SF.obj">
      <Filter>resources\model</Filter>
    </Object>
    <Object Include="resources\model\basic-bottle\source\Small Bottle\Small Bottle\Potion.obj">
      <Filter>resources\model</Filter>
    </Object>
    <Object Include="resources\model\cube.obj">
      <Filter>resources\model</Filter>
    </Object>
    <Object Include="resources\model\suzanne.obj">
      <Filter>resources\model</Filter>
    </Object>
    <Object Include="resources\model\backpack\backpack.obj">
      <Filter>resources\model</Filter>
    </Object>
  </ItemGroup>
  <ItemGroup>
    <None Include="resources\shader\fragment.glsl">
      <Filter>resources\shader</Filter>
    </None>
    <None Include="resources\shader\vertex.glsl">
      <Filter>resources\shader</Filter>
    </None>
    <None Include="resources\shader\skybox_fragment.glsl">
      <Filter>resources\shader</Filter>
    </None>
    <None Include="resources\shader\skybox_vertex.glsl">
      <Filter>resources\shader</Filter>
    </None>
    <None Include="resources\shader\fragment_coruscant.glsl">
      <Filter>resources\shader</Filter>
    </None>
    <None Include="resources\shader\fragment_horizon.glsl">
      <Filter>resources\shader</Filter>
    </None>
    <None Include="resources\shader\fragment_rocket_moon.glsl">
      <Filter>resources\shader</Filter>
    </None>
  </ItemGroup>
  <ItemGroup>
    <Text Include="notes.txt" />
  </ItemGroup>
</Project>